<?xml version="1.0" encoding="utf-8"?>
<Project ToolsVersion="4.0" xmlns="http://schemas.microsoft.com/developer/msbuild/2003">
  <ItemGroup>
    <Filter Include="core">
      <UniqueIdentifier>{a1b2c3d4-e5f6-7890-abcd-ef1234567890}</UniqueIdentifier>
    </Filter>
    <Filter Include="ui">
      <UniqueIdentifier>{b2c3d4e5-f6a7-8901-bcde-f12345678901}</UniqueIdentifier>
    </Filter>
  </ItemGroup>
  <ItemGroup>
    <ClInclude Include="..\include\core\Card.hpp"><Filter>core</Filter></ClInclude>
    <ClInclude Include="..\include\core\Deck.hpp"><Filter>core</Filter></ClInclude>
    <ClInclude Include="..\include\core\GameManager.hpp"><Filter>core</Filter></ClInclude>
    <ClInclude Include="..\include\core\Hand.hpp"><Filter>core</Filter></ClInclude>
    <ClInclude Include="..\include\ui\GameView.hpp"><Filter>ui</Filter></ClInclude>
  </ItemGroup>
  <ItemGroup>
    <ClCompile Include="..\src\core\Card.cpp"><Filter>core</Filter></ClCompile>
    <ClCompile Include="..\src\core\Deck.cpp"><Filter>core</Filter></ClCompile>
    <ClCompile Include="..\src\core\GameManager.cpp"><Filter>core</Filter></ClCompile>
    <ClCompile Include="..\src\core\Hand.cpp"><Filter>core</Filter></ClCompile>
    <ClCompile Include="..\src\ui\GameView.cpp"><Filter>ui</Filter></ClCompile>
    <ClCompile Include="..\src\main_graphical.cpp"><Filter>ui</Filter></ClCompile>
  </ItemGroup>
</Project>
